
Microsoft Visual Studio Solution File, Format Version 12.00
# Visual Studio Version 16
VisualStudioVersion = 16.0.32602.291
MinimumVisualStudioVersion = 10.0.40219.1
Project("{9A19103F-16F7-4668-BE54-9A1E7A4F7556}") = "BraEV - Módulo 1", "BraEV - Módulo 1\BraEV - Módulo 1.csproj", "{EE8378A3-95D2-4140-B17F-4A9AC55B8F59}"
EndProject
Project("{9A19103F-16F7-4668-BE54-9A1E7A4F7556}") = "Elementos Estáticos", "Elementos Estáticos\Elementos Estáticos.csproj", "{253123CD-5138-4209-AFDE-98BCB4746F31}"
EndProject
Project("{9A19103F-16F7-4668-BE54-9A1E7A4F7556}") = "Parâmetros Variáveis", "ParÊmetros Variáveis\Parâmetros Variáveis.csproj", "{1C94A73A-560B-4958-B81A-A3E494B405FF}"
EndProject
Project("{9A19103F-16F7-4668-BE54-9A1E7A4F7556}") = "Método get e set", "Método get e set\Método get e set.csproj", "{6DCB3A83-66D1-417D-9726-4B01E3DA5F44}"
EndProject
Project("{9A19103F-16F7-4668-BE54-9A1E7A4F7556}") = "Enumerações", "Enumerações\Enumerações.csproj", "{A4428AB1-BF2B-4969-8586-8AAF215B59B7}"
EndProject
Project("{9A19103F-16F7-4668-BE54-9A1E7A4F7556}") = "Struct e Classe", "Struct e Classe\Struct e Classe.csproj", "{E247A9C4-DF50-4D67-A41C-69CCC7411B22}"
EndProject
Project("{9A19103F-16F7-4668-BE54-9A1E7A4F7556}") = "Parâmetros por Referência", "Parâmetros por Referência\Parâmetros por Referência.csproj", "{06383013-6504-4B04-86B5-E29452A068C5}"
EndProject
Project("{FAE04EC0-301F-11D3-BF4B-00C04F79EFBC}") = "Herança", "Herança\Herança.csproj", "{11075734-17F2-44D0-8D6A-7B6AEDDCD679}"
EndProject
Global
	GlobalSection(SolutionConfigurationPlatforms) = preSolution
		Debug|Any CPU = Debug|Any CPU
		Release|Any CPU = Release|Any CPU
	EndGlobalSection
	GlobalSection(ProjectConfigurationPlatforms) = postSolution
		{EE8378A3-95D2-4140-B17F-4A9AC55B8F59}.Debug|Any CPU.ActiveCfg = Debug|Any CPU
		{EE8378A3-95D2-4140-B17F-4A9AC55B8F59}.Debug|Any CPU.Build.0 = Debug|Any CPU
		{EE8378A3-95D2-4140-B17F-4A9AC55B8F59}.Release|Any CPU.ActiveCfg = Release|Any CPU
		{EE8378A3-95D2-4140-B17F-4A9AC55B8F59}.Release|Any CPU.Build.0 = Release|Any CPU
		{253123CD-5138-4209-AFDE-98BCB4746F31}.Debug|Any CPU.ActiveCfg = Debug|Any CPU
		{253123CD-5138-4209-AFDE-98BCB4746F31}.Debug|Any CPU.Build.0 = Debug|Any CPU
		{253123CD-5138-4209-AFDE-98BCB4746F31}.Release|Any CPU.ActiveCfg = Release|Any CPU
		{253123CD-5138-4209-AFDE-98BCB4746F31}.Release|Any CPU.Build.0 = Release|Any CPU
		{1C94A73A-560B-4958-B81A-A3E494B405FF}.Debug|Any CPU.ActiveCfg = Debug|Any CPU
		{1C94A73A-560B-4958-B81A-A3E494B405FF}.Debug|Any CPU.Build.0 = Debug|Any CPU
		{1C94A73A-560B-4958-B81A-A3E494B405FF}.Release|Any CPU.ActiveCfg = Release|Any CPU
		{1C94A73A-560B-4958-B81A-A3E494B405FF}.Release|Any CPU.Build.0 = Release|Any CPU
		{6DCB3A83-66D1-417D-9726-4B01E3DA5F44}.Debug|Any CPU.ActiveCfg = Debug|Any CPU
		{6DCB3A83-66D1-417D-9726-4B01E3DA5F44}.Debug|Any CPU.Build.0 = Debug|Any CPU
		{6DCB3A83-66D1-417D-9726-4B01E3DA5F44}.Release|Any CPU.ActiveCfg = Release|Any CPU
		{6DCB3A83-66D1-417D-9726-4B01E3DA5F44}.Release|Any CPU.Build.0 = Release|Any CPU
		{A4428AB1-BF2B-4969-8586-8AAF215B59B7}.Debug|Any CPU.ActiveCfg = Debug|Any CPU
		{A4428AB1-BF2B-4969-8586-8AAF215B59B7}.Debug|Any CPU.Build.0 = Debug|Any CPU
		{A4428AB1-BF2B-4969-8586-8AAF215B59B7}.Release|Any CPU.ActiveCfg = Release|Any CPU
		{A4428AB1-BF2B-4969-8586-8AAF215B59B7}.Release|Any CPU.Build.0 = Release|Any CPU
		{E247A9C4-DF50-4D67-A41C-69CCC7411B22}.Debug|Any CPU.ActiveCfg = Debug|Any CPU
		{E247A9C4-DF50-4D67-A41C-69CCC7411B22}.Debug|Any CPU.Build.0 = Debug|Any CPU
		{E247A9C4-DF50-4D67-A41C-69CCC7411B22}.Release|Any CPU.ActiveCfg = Release|Any CPU
		{E247A9C4-DF50-4D67-A41C-69CCC7411B22}.Release|Any CPU.Build.0 = Release|Any CPU
		{06383013-6504-4B04-86B5-E29452A068C5}.Debug|Any CPU.ActiveCfg = Debug|Any CPU
		{06383013-6504-4B04-86B5-E29452A068C5}.Debug|Any CPU.Build.0 = Debug|Any CPU
		{06383013-6504-4B04-86B5-E29452A068C5}.Release|Any CPU.ActiveCfg = Release|Any CPU
		{06383013-6504-4B04-86B5-E29452A068C5}.Release|Any CPU.Build.0 = Release|Any CPU
		{11075734-17F2-44D0-8D6A-7B6AEDDCD679}.Debug|Any CPU.ActiveCfg = Debug|Any CPU
		{11075734-17F2-44D0-8D6A-7B6AEDDCD679}.Debug|Any CPU.Build.0 = Debug|Any CPU
		{11075734-17F2-44D0-8D6A-7B6AEDDCD679}.Release|Any CPU.ActiveCfg = Release|Any CPU
		{11075734-17F2-44D0-8D6A-7B6AEDDCD679}.Release|Any CPU.Build.0 = Release|Any CPU
	EndGlobalSection
	GlobalSection(SolutionProperties) = preSolution
		HideSolutionNode = FALSE
	EndGlobalSection
	GlobalSection(ExtensibilityGlobals) = postSolution
		SolutionGuid = {CDB379AA-6017-4EA9-9CBB-0150497E0628}
	EndGlobalSection
EndGlobal
